{
    "name": "openhab-vscode-extension",
    "version": "1.0.0",
    "lockfileVersion": 2,
    "requires": true,
    "packages": {
        "": {
            "name": "openhab-vscode-extension",
            "version": "1.0.0",
            "license": "SEE LICENSE IN LICENSE",
            "dependencies": {
                "ascii-table": "0.0.9",
                "axios": "^0.21.2",
                "copy-paste": "^1.3.0",
                "lodash": "^4.17.21",
                "vscode-languageclient": "6.0.0-next.1"
            },
            "devDependencies": {
                "@types/vscode": "^1.14.0"
            },
            "engines": {
                "vscode": "^1.37.0"
            }
        },
        "node_modules/@types/vscode": {
            "version": "1.52.0",
            "resolved": "https://registry.npmjs.org/@types/vscode/-/vscode-1.52.0.tgz",
            "integrity": "sha512-Kt3bvWzAvvF/WH9YEcrCICDp0Z7aHhJGhLJ1BxeyNP6yRjonWqWnAIh35/pXAjswAnWOABrYlF7SwXR9+1nnLA==",
            "dev": true
        },
        "node_modules/ascii-table": {
            "version": "0.0.9",
            "resolved": "https://registry.npmjs.org/ascii-table/-/ascii-table-0.0.9.tgz",
            "integrity": "sha1-BqZgTWpV1L9BqaR9mHLXp42jHnM="
        },
        "node_modules/axios": {
            "version": "0.21.2",
            "resolved": "https://registry.npmjs.org/axios/-/axios-0.21.2.tgz",
            "integrity": "sha512-87otirqUw3e8CzHTMO+/9kh/FSgXt/eVDvipijwDtEuwbkySWZ9SBm6VEubmJ/kLKEoLQV/POhxXFb66bfekfg==",
            "dependencies": {
                "follow-redirects": "^1.14.0"
            }
        },
        "node_modules/copy-paste": {
            "version": "1.3.0",
            "resolved": "https://registry.npmjs.org/copy-paste/-/copy-paste-1.3.0.tgz",
            "integrity": "sha1-p+bEocKP3t8rCB5yuX3y75X0ce0=",
            "dependencies": {
                "iconv-lite": "^0.4.8"
            },
            "optionalDependencies": {
                "sync-exec": "~0.6.x"
            }
        },
        "node_modules/follow-redirects": {
            "version": "1.14.5",
            "resolved": "https://registry.npmjs.org/follow-redirects/-/follow-redirects-1.14.5.tgz",
            "integrity": "sha512-wtphSXy7d4/OR+MvIFbCVBDzZ5520qV8XfPklSN5QtxuMUJZ+b0Wnst1e1lCDocfzuCkHqj8k0FpZqO+UIaKNA==",
            "funding": [
                {
                    "type": "individual",
                    "url": "https://github.com/sponsors/RubenVerborgh"
                }
            ],
            "engines": {
                "node": ">=4.0"
            },
            "peerDependenciesMeta": {
                "debug": {
                    "optional": true
                }
            }
        },
        "node_modules/iconv-lite": {
            "version": "0.4.24",
            "resolved": "https://registry.npmjs.org/iconv-lite/-/iconv-lite-0.4.24.tgz",
            "integrity": "sha512-v3MXnZAcvnywkTUEZomIActle7RXXeedOR31wwl7VlyoXO4Qi9arvSenNQWne1TcRwhCL1HwLI21bEqdpj8/rA==",
            "dependencies": {
                "safer-buffer": ">= 2.1.2 < 3"
            },
            "engines": {
                "node": ">=0.10.0"
            }
        },
        "node_modules/lodash": {
            "version": "4.17.21",
            "resolved": "https://registry.npmjs.org/lodash/-/lodash-4.17.21.tgz",
            "integrity": "sha512-v2kDEe57lecTulaDIuNTPy3Ry4gLGJ6Z1O3vE1krgXZNrsQ+LFTGHVxVjcXPs17LhbZVGedAJv8XZ1tvj5FvSg=="
        },
        "node_modules/safer-buffer": {
            "version": "2.1.2",
            "resolved": "https://registry.npmjs.org/safer-buffer/-/safer-buffer-2.1.2.tgz",
            "integrity": "sha512-YZo3K82SD7Riyi0E1EQPojLz7kpepnSQI9IyPbHHg1XXXevb5dJI7tpyN2ADxGcQbHG7vcyRHk0cbwqcQriUtg=="
        },
        "node_modules/sync-exec": {
            "version": "0.6.2",
            "resolved": "https://registry.npmjs.org/sync-exec/-/sync-exec-0.6.2.tgz",
            "integrity": "sha1-cX0izFPwzh3vVZQ2LzqJouu5EQU=",
            "optional": true
        },
        "node_modules/vscode-jsonrpc": {
            "version": "5.0.0-next.2",
            "resolved": "https://registry.npmjs.org/vscode-jsonrpc/-/vscode-jsonrpc-5.0.0-next.2.tgz",
            "integrity": "sha512-Q3/jabZUNviCG9hhF6hHWjhrABevPF9mv0aiE2j8BYCAP2k+aHTpjMyk+04MzaAqWYwXdQuZkLSbcYCCqbzJLg==",
            "engines": {
                "node": ">=8.0.0 || >=10.0.0"
            }
        },
        "node_modules/vscode-languageclient": {
            "version": "6.0.0-next.1",
            "resolved": "https://registry.npmjs.org/vscode-languageclient/-/vscode-languageclient-6.0.0-next.1.tgz",
            "integrity": "sha512-eJ9VjLFNINArgRzLbQ11YlWry7dM93GEODkQBXTRfrSypksiO9qSGr4SHhWgxxP26p4FRSpzc/17+N+Egnnchg==",
            "dependencies": {
                "semver": "^6.3.0",
                "vscode-languageserver-protocol": "^3.15.0-next.9"
            },
            "engines": {
                "vscode": "^1.38.0"
            }
        },
        "node_modules/vscode-languageclient/node_modules/semver": {
            "version": "6.3.0",
            "resolved": "https://registry.npmjs.org/semver/-/semver-6.3.0.tgz",
            "integrity": "sha512-b39TBaTSfV6yBrapU89p5fKekE2m/NwnDocOVruQFS1/veMgdzuPcnOM34M6CwxW8jH/lxEa5rBoDeUwu5HHTw==",
            "bin": {
                "semver": "bin/semver.js"
            }
        },
        "node_modules/vscode-languageserver-protocol": {
            "version": "3.15.0-next.9",
            "resolved": "https://registry.npmjs.org/vscode-languageserver-protocol/-/vscode-languageserver-protocol-3.15.0-next.9.tgz",
            "integrity": "sha512-b9PAxouMmtsLEe8ZjbIMPb7wRWPhckGfgjwZLmp/dWnaAuRPYtY3lGO0/rNbLc3jKIqCVlnEyYVFKalzDAzj0g==",
            "dependencies": {
                "vscode-jsonrpc": "^5.0.0-next.2",
                "vscode-languageserver-types": "^3.15.0-next.5"
            }
        },
        "node_modules/vscode-languageserver-types": {
            "version": "3.15.0-next.5",
            "resolved": "https://registry.npmjs.org/vscode-languageserver-types/-/vscode-languageserver-types-3.15.0-next.5.tgz",
            "integrity": "sha512-7hrELhTeWieUgex3+6692KjCkcmO/+V/bFItM5MHGcBotzwmjEuXjapLLYTYhIspuJ1ibRSik5MhX5YwLpsPiw=="
        }
    },
    "dependencies": {
        "@types/vscode": {
            "version": "1.52.0",
            "resolved": "https://registry.npmjs.org/@types/vscode/-/vscode-1.52.0.tgz",
            "integrity": "sha512-Kt3bvWzAvvF/WH9YEcrCICDp0Z7aHhJGhLJ1BxeyNP6yRjonWqWnAIh35/pXAjswAnWOABrYlF7SwXR9+1nnLA==",
            "dev": true
        },
        "ascii-table": {
            "version": "0.0.9",
            "resolved": "https://registry.npmjs.org/ascii-table/-/ascii-table-0.0.9.tgz",
            "integrity": "sha1-BqZgTWpV1L9BqaR9mHLXp42jHnM="
        },
        "axios": {
            "version": "0.21.2",
            "resolved": "https://registry.npmjs.org/axios/-/axios-0.21.2.tgz",
            "integrity": "sha512-87otirqUw3e8CzHTMO+/9kh/FSgXt/eVDvipijwDtEuwbkySWZ9SBm6VEubmJ/kLKEoLQV/POhxXFb66bfekfg==",
            "requires": {
                "follow-redirects": "^1.14.0"
            }
        },
        "copy-paste": {
            "version": "1.3.0",
            "resolved": "https://registry.npmjs.org/copy-paste/-/copy-paste-1.3.0.tgz",
            "integrity": "sha1-p+bEocKP3t8rCB5yuX3y75X0ce0=",
            "requires": {
                "iconv-lite": "^0.4.8",
                "sync-exec": "~0.6.x"
            }
        },
        "follow-redirects": {
            "version": "1.14.5",
            "resolved": "https://registry.npmjs.org/follow-redirects/-/follow-redirects-1.14.5.tgz",
            "integrity": "sha512-wtphSXy7d4/OR+MvIFbCVBDzZ5520qV8XfPklSN5QtxuMUJZ+b0Wnst1e1lCDocfzuCkHqj8k0FpZqO+UIaKNA=="
        },
        "iconv-lite": {
            "version": "0.4.24",
            "resolved": "https://registry.npmjs.org/iconv-lite/-/iconv-lite-0.4.24.tgz",
            "integrity": "sha512-v3MXnZAcvnywkTUEZomIActle7RXXeedOR31wwl7VlyoXO4Qi9arvSenNQWne1TcRwhCL1HwLI21bEqdpj8/rA==",
            "requires": {
                "safer-buffer": ">= 2.1.2 < 3"
            }
        },
        "lodash": {
            "version": "4.17.21",
            "resolved": "https://registry.npmjs.org/lodash/-/lodash-4.17.21.tgz",
            "integrity": "sha512-v2kDEe57lecTulaDIuNTPy3Ry4gLGJ6Z1O3vE1krgXZNrsQ+LFTGHVxVjcXPs17LhbZVGedAJv8XZ1tvj5FvSg=="
        },
        "safer-buffer": {
            "version": "2.1.2",
            "resolved": "https://registry.npmjs.org/safer-buffer/-/safer-buffer-2.1.2.tgz",
            "integrity": "sha512-YZo3K82SD7Riyi0E1EQPojLz7kpepnSQI9IyPbHHg1XXXevb5dJI7tpyN2ADxGcQbHG7vcyRHk0cbwqcQriUtg=="
        },
        "sync-exec": {
            "version": "0.6.2",
            "resolved": "https://registry.npmjs.org/sync-exec/-/sync-exec-0.6.2.tgz",
            "integrity": "sha1-cX0izFPwzh3vVZQ2LzqJouu5EQU=",
            "optional": true
        },
        "vscode-jsonrpc": {
            "version": "5.0.0-next.2",
            "resolved": "https://registry.npmjs.org/vscode-jsonrpc/-/vscode-jsonrpc-5.0.0-next.2.tgz",
            "integrity": "sha512-Q3/jabZUNviCG9hhF6hHWjhrABevPF9mv0aiE2j8BYCAP2k+aHTpjMyk+04MzaAqWYwXdQuZkLSbcYCCqbzJLg=="
        },
        "vscode-languageclient": {
            "version": "6.0.0-next.1",
            "resolved": "https://registry.npmjs.org/vscode-languageclient/-/vscode-languageclient-6.0.0-next.1.tgz",
            "integrity": "sha512-eJ9VjLFNINArgRzLbQ11YlWry7dM93GEODkQBXTRfrSypksiO9qSGr4SHhWgxxP26p4FRSpzc/17+N+Egnnchg==",
            "requires": {
                "semver": "^6.3.0",
                "vscode-languageserver-protocol": "^3.15.0-next.9"
            },
            "dependencies": {
                "semver": {
                    "version": "6.3.0",
                    "resolved": "https://registry.npmjs.org/semver/-/semver-6.3.0.tgz",
                    "integrity": "sha512-b39TBaTSfV6yBrapU89p5fKekE2m/NwnDocOVruQFS1/veMgdzuPcnOM34M6CwxW8jH/lxEa5rBoDeUwu5HHTw=="
                }
            }
        },
        "vscode-languageserver-protocol": {
            "version": "3.15.0-next.9",
            "resolved": "https://registry.npmjs.org/vscode-languageserver-protocol/-/vscode-languageserver-protocol-3.15.0-next.9.tgz",
            "integrity": "sha512-b9PAxouMmtsLEe8ZjbIMPb7wRWPhckGfgjwZLmp/dWnaAuRPYtY3lGO0/rNbLc3jKIqCVlnEyYVFKalzDAzj0g==",
            "requires": {
                "vscode-jsonrpc": "^5.0.0-next.2",
                "vscode-languageserver-types": "^3.15.0-next.5"
            }
        },
        "vscode-languageserver-types": {
            "version": "3.15.0-next.5",
            "resolved": "https://registry.npmjs.org/vscode-languageserver-types/-/vscode-languageserver-types-3.15.0-next.5.tgz",
            "integrity": "sha512-7hrELhTeWieUgex3+6692KjCkcmO/+V/bFItM5MHGcBotzwmjEuXjapLLYTYhIspuJ1ibRSik5MhX5YwLpsPiw=="
        }
    }
}
